
Microsoft Visual Studio Solution File, Format Version 12.00
# Visual Studio Version 17
VisualStudioVersion = 17.1.32328.378
MinimumVisualStudioVersion = 10.0.40219.1
Project("{FAE04EC0-301F-11D3-BF4B-00C04F79EFBC}") = "FluentIdentityBuilder", "FluentIdentityBuilder\FluentIdentityBuilder.csproj", "{D8656FC8-1B80-4115-8356-1A139590723A}"
EndProject
Project("{FAE04EC0-301F-11D3-BF4B-00C04F79EFBC}") = "UnitTests", "UnitTests\UnitTests.csproj", "{EB471DBA-6C7A-477B-81A1-5939508DE95D}"
EndProject
Project("{2150E333-8FDC-42A3-9474-1A3956D46DE8}") = "Projektmappenelemente", "Projektmappenelemente", "{CBC16FF1-2782-4C2A-980E-47CAAB762761}"
	ProjectSection(SolutionItems) = preProject
		.github\workflows\dotnet_build.yml = .github\workflows\dotnet_build.yml
		.github\workflows\dotnet_release.yml = .github\workflows\dotnet_release.yml
	EndProjectSection
EndProject
Global
	GlobalSection(SolutionConfigurationPlatforms) = preSolution
		Debug|Any CPU = Debug|Any CPU
		Release|Any CPU = Release|Any CPU
	EndGlobalSection
	GlobalSection(ProjectConfigurationPlatforms) = postSolution
		{D8656FC8-1B80-4115-8356-1A139590723A}.Debug|Any CPU.ActiveCfg = Debug|Any CPU
		{D8656FC8-1B80-4115-8356-1A139590723A}.Debug|Any CPU.Build.0 = Debug|Any CPU
		{D8656FC8-1B80-4115-8356-1A139590723A}.Release|Any CPU.ActiveCfg = Release|Any CPU
		{D8656FC8-1B80-4115-8356-1A139590723A}.Release|Any CPU.Build.0 = Release|Any CPU
		{EB471DBA-6C7A-477B-81A1-5939508DE95D}.Debug|Any CPU.ActiveCfg = Debug|Any CPU
		{EB471DBA-6C7A-477B-81A1-5939508DE95D}.Debug|Any CPU.Build.0 = Debug|Any CPU
		{EB471DBA-6C7A-477B-81A1-5939508DE95D}.Release|Any CPU.ActiveCfg = Release|Any CPU
		{EB471DBA-6C7A-477B-81A1-5939508DE95D}.Release|Any CPU.Build.0 = Release|Any CPU
	EndGlobalSection
	GlobalSection(SolutionProperties) = preSolution
		HideSolutionNode = FALSE
	EndGlobalSection
	GlobalSection(ExtensibilityGlobals) = postSolution
		SolutionGuid = {FF3777EE-6EC9-49F9-A41F-6F975BBF5A52}
	EndGlobalSection
EndGlobal
